
Microsoft Visual Studio Solution File, Format Version 12.00
# Visual Studio Version 17
VisualStudioVersion = 17.8.34525.116
MinimumVisualStudioVersion = 10.0.40219.1
Project("{FAE04EC0-301F-11D3-BF4B-00C04F79EFBC}") = "L02P02_NUMEROS_CARNET", "L02P02_NUMEROS_CARNET\L02P02_NUMEROS_CARNET.csproj", "{BA7A3F2C-730E-4369-9F16-1A14A9E552A3}"
EndProject
Global
	GlobalSection(SolutionConfigurationPlatforms) = preSolution
		Debug|Any CPU = Debug|Any CPU
		Release|Any CPU = Release|Any CPU
	EndGlobalSection
	GlobalSection(ProjectConfigurationPlatforms) = postSolution
		{BA7A3F2C-730E-4369-9F16-1A14A9E552A3}.Debug|Any CPU.ActiveCfg = Debug|Any CPU
		{BA7A3F2C-730E-4369-9F16-1A14A9E552A3}.Debug|Any CPU.Build.0 = Debug|Any CPU
		{BA7A3F2C-730E-4369-9F16-1A14A9E552A3}.Release|Any CPU.ActiveCfg = Release|Any CPU
		{BA7A3F2C-730E-4369-9F16-1A14A9E552A3}.Release|Any CPU.Build.0 = Release|Any CPU
	EndGlobalSection
	GlobalSection(SolutionProperties) = preSolution
		HideSolutionNode = FALSE
	EndGlobalSection
	GlobalSection(ExtensibilityGlobals) = postSolution
		SolutionGuid = {8DD96121-5CA5-4D48-8B74-032053FA5FE7}
	EndGlobalSection
EndGlobal
